
Microsoft Visual Studio Solution File, Format Version 12.00
# Visual Studio Version 16
VisualStudioVersion = 16.0.30907.101
MinimumVisualStudioVersion = 10.0.40219.1
Project("{2150E333-8FDC-42A3-9474-1A3956D46DE8}") = "Solution Items", "Solution Items", "{B2BDDFA9-8731-437E-857A-1C0A21EABE60}"
	ProjectSection(SolutionItems) = preProject
		README.md = README.md
	EndProjectSection
EndProject
Project("{9A19103F-16F7-4668-BE54-9A1E7A4F7556}") = "ParkerViewer", "ParkerViewer\ParkerViewer.csproj", "{7C39914A-A436-4795-97F1-C18C94122A76}"
EndProject
Project("{9A19103F-16F7-4668-BE54-9A1E7A4F7556}") = "ParkerViewer.Abstractions", "ParkerViewer.Abstractions\ParkerViewer.Abstractions.csproj", "{851EE3D3-54B6-423F-BA71-3CB7BC6E21AA}"
EndProject
Project("{9A19103F-16F7-4668-BE54-9A1E7A4F7556}") = "ParkerViewer.Host", "ParkerViewer.Host\ParkerViewer.Host.csproj", "{67EC07DE-1762-4DF7-ACA3-CD315DBE03BA}"
EndProject
Project("{9A19103F-16F7-4668-BE54-9A1E7A4F7556}") = "ParkerViewer.WebClients", "ParkerViewer.WebClients\ParkerViewer.WebClients.csproj", "{5221D1BE-1681-4C5C-82A1-D73C71D069A5}"
EndProject
Project("{FAE04EC0-301F-11D3-BF4B-00C04F79EFBC}") = "ParkerViewer.Gui", "ParkerViewer.Gui\ParkerViewer.Gui.csproj", "{21E006F4-8856-4A6A-B6CF-5FC1BC7C78E8}"
EndProject
Project("{9A19103F-16F7-4668-BE54-9A1E7A4F7556}") = "ParkerViewer.TestApp", "ParkerViewer.TestApp\ParkerViewer.TestApp.csproj", "{9EA6E28A-3E82-4CB5-99C2-BD301DF64B91}"
EndProject
Project("{FAE04EC0-301F-11D3-BF4B-00C04F79EFBC}") = "ParkerViewer.PensPage", "ParkerViewer.PensPage\ParkerViewer.PensPage.csproj", "{6E8B1E9F-177B-471D-9C61-9DACD40CAB99}"
EndProject
Project("{2150E333-8FDC-42A3-9474-1A3956D46DE8}") = ".app", ".app", "{A9D9DCF9-F15F-4FF3-AC25-2D8AF7EE3F57}"
EndProject
Project("{2150E333-8FDC-42A3-9474-1A3956D46DE8}") = "Modules", "Modules", "{2169465C-FF77-4565-93CC-356E3FB1365A}"
EndProject
Project("{FAE04EC0-301F-11D3-BF4B-00C04F79EFBC}") = "ParkerViewer.PenItemsPage", "ParkerViewer.PenItemsPage\ParkerViewer.PenItemsPage.csproj", "{DB2F428D-CFCD-4FCA-92CA-6E85732C177F}"
EndProject
Project("{FAE04EC0-301F-11D3-BF4B-00C04F79EFBC}") = "ParkerViewer.LeadsPage", "ParkerViewer.LeadsPage\ParkerViewer.LeadsPage.csproj", "{7D50C33C-83A1-48FA-8AAD-ED6AA1B6142E}"
EndProject
Project("{FAE04EC0-301F-11D3-BF4B-00C04F79EFBC}") = "ParkerViewer.ClientApp", "ParkerViewer.ClientApp\ParkerViewer.ClientApp.csproj", "{A63D258A-C5B6-48A8-B16D-DEDF7D9164E1}"
EndProject
Project("{FAE04EC0-301F-11D3-BF4B-00C04F79EFBC}") = "ParkerViewer.Web", "ParkerViewer.Web\ParkerViewer.Web.csproj", "{640811B0-8BBA-43FB-8985-80C3E71D71A3}"
EndProject
Global
	GlobalSection(SolutionConfigurationPlatforms) = preSolution
		Debug|Any CPU = Debug|Any CPU
		Release|Any CPU = Release|Any CPU
	EndGlobalSection
	GlobalSection(ProjectConfigurationPlatforms) = postSolution
		{7C39914A-A436-4795-97F1-C18C94122A76}.Debug|Any CPU.ActiveCfg = Debug|Any CPU
		{7C39914A-A436-4795-97F1-C18C94122A76}.Debug|Any CPU.Build.0 = Debug|Any CPU
		{7C39914A-A436-4795-97F1-C18C94122A76}.Release|Any CPU.ActiveCfg = Release|Any CPU
		{7C39914A-A436-4795-97F1-C18C94122A76}.Release|Any CPU.Build.0 = Release|Any CPU
		{851EE3D3-54B6-423F-BA71-3CB7BC6E21AA}.Debug|Any CPU.ActiveCfg = Debug|Any CPU
		{851EE3D3-54B6-423F-BA71-3CB7BC6E21AA}.Debug|Any CPU.Build.0 = Debug|Any CPU
		{851EE3D3-54B6-423F-BA71-3CB7BC6E21AA}.Release|Any CPU.ActiveCfg = Release|Any CPU
		{851EE3D3-54B6-423F-BA71-3CB7BC6E21AA}.Release|Any CPU.Build.0 = Release|Any CPU
		{67EC07DE-1762-4DF7-ACA3-CD315DBE03BA}.Debug|Any CPU.ActiveCfg = Debug|Any CPU
		{67EC07DE-1762-4DF7-ACA3-CD315DBE03BA}.Debug|Any CPU.Build.0 = Debug|Any CPU
		{67EC07DE-1762-4DF7-ACA3-CD315DBE03BA}.Release|Any CPU.ActiveCfg = Release|Any CPU
		{67EC07DE-1762-4DF7-ACA3-CD315DBE03BA}.Release|Any CPU.Build.0 = Release|Any CPU
		{5221D1BE-1681-4C5C-82A1-D73C71D069A5}.Debug|Any CPU.ActiveCfg = Debug|Any CPU
		{5221D1BE-1681-4C5C-82A1-D73C71D069A5}.Debug|Any CPU.Build.0 = Debug|Any CPU
		{5221D1BE-1681-4C5C-82A1-D73C71D069A5}.Release|Any CPU.ActiveCfg = Release|Any CPU
		{5221D1BE-1681-4C5C-82A1-D73C71D069A5}.Release|Any CPU.Build.0 = Release|Any CPU
		{21E006F4-8856-4A6A-B6CF-5FC1BC7C78E8}.Debug|Any CPU.ActiveCfg = Debug|Any CPU
		{21E006F4-8856-4A6A-B6CF-5FC1BC7C78E8}.Debug|Any CPU.Build.0 = Debug|Any CPU
		{21E006F4-8856-4A6A-B6CF-5FC1BC7C78E8}.Release|Any CPU.ActiveCfg = Release|Any CPU
		{21E006F4-8856-4A6A-B6CF-5FC1BC7C78E8}.Release|Any CPU.Build.0 = Release|Any CPU
		{9EA6E28A-3E82-4CB5-99C2-BD301DF64B91}.Debug|Any CPU.ActiveCfg = Debug|Any CPU
		{9EA6E28A-3E82-4CB5-99C2-BD301DF64B91}.Debug|Any CPU.Build.0 = Debug|Any CPU
		{9EA6E28A-3E82-4CB5-99C2-BD301DF64B91}.Release|Any CPU.ActiveCfg = Release|Any CPU
		{9EA6E28A-3E82-4CB5-99C2-BD301DF64B91}.Release|Any CPU.Build.0 = Release|Any CPU
		{6E8B1E9F-177B-471D-9C61-9DACD40CAB99}.Debug|Any CPU.ActiveCfg = Debug|Any CPU
		{6E8B1E9F-177B-471D-9C61-9DACD40CAB99}.Debug|Any CPU.Build.0 = Debug|Any CPU
		{6E8B1E9F-177B-471D-9C61-9DACD40CAB99}.Release|Any CPU.ActiveCfg = Release|Any CPU
		{6E8B1E9F-177B-471D-9C61-9DACD40CAB99}.Release|Any CPU.Build.0 = Release|Any CPU
		{DB2F428D-CFCD-4FCA-92CA-6E85732C177F}.Debug|Any CPU.ActiveCfg = Debug|Any CPU
		{DB2F428D-CFCD-4FCA-92CA-6E85732C177F}.Debug|Any CPU.Build.0 = Debug|Any CPU
		{DB2F428D-CFCD-4FCA-92CA-6E85732C177F}.Release|Any CPU.ActiveCfg = Release|Any CPU
		{DB2F428D-CFCD-4FCA-92CA-6E85732C177F}.Release|Any CPU.Build.0 = Release|Any CPU
		{7D50C33C-83A1-48FA-8AAD-ED6AA1B6142E}.Debug|Any CPU.ActiveCfg = Debug|Any CPU
		{7D50C33C-83A1-48FA-8AAD-ED6AA1B6142E}.Debug|Any CPU.Build.0 = Debug|Any CPU
		{7D50C33C-83A1-48FA-8AAD-ED6AA1B6142E}.Release|Any CPU.ActiveCfg = Release|Any CPU
		{7D50C33C-83A1-48FA-8AAD-ED6AA1B6142E}.Release|Any CPU.Build.0 = Release|Any CPU
		{A63D258A-C5B6-48A8-B16D-DEDF7D9164E1}.Debug|Any CPU.ActiveCfg = Debug|Any CPU
		{A63D258A-C5B6-48A8-B16D-DEDF7D9164E1}.Debug|Any CPU.Build.0 = Debug|Any CPU
		{A63D258A-C5B6-48A8-B16D-DEDF7D9164E1}.Release|Any CPU.ActiveCfg = Release|Any CPU
		{A63D258A-C5B6-48A8-B16D-DEDF7D9164E1}.Release|Any CPU.Build.0 = Release|Any CPU
		{640811B0-8BBA-43FB-8985-80C3E71D71A3}.Debug|Any CPU.ActiveCfg = Debug|Any CPU
		{640811B0-8BBA-43FB-8985-80C3E71D71A3}.Debug|Any CPU.Build.0 = Debug|Any CPU
		{640811B0-8BBA-43FB-8985-80C3E71D71A3}.Release|Any CPU.ActiveCfg = Release|Any CPU
		{640811B0-8BBA-43FB-8985-80C3E71D71A3}.Release|Any CPU.Build.0 = Release|Any CPU
	EndGlobalSection
	GlobalSection(SolutionProperties) = preSolution
		HideSolutionNode = FALSE
	EndGlobalSection
	GlobalSection(NestedProjects) = preSolution
		{7C39914A-A436-4795-97F1-C18C94122A76} = {2169465C-FF77-4565-93CC-356E3FB1365A}
		{851EE3D3-54B6-423F-BA71-3CB7BC6E21AA} = {2169465C-FF77-4565-93CC-356E3FB1365A}
		{67EC07DE-1762-4DF7-ACA3-CD315DBE03BA} = {A9D9DCF9-F15F-4FF3-AC25-2D8AF7EE3F57}
		{5221D1BE-1681-4C5C-82A1-D73C71D069A5} = {2169465C-FF77-4565-93CC-356E3FB1365A}
		{21E006F4-8856-4A6A-B6CF-5FC1BC7C78E8} = {2169465C-FF77-4565-93CC-356E3FB1365A}
		{9EA6E28A-3E82-4CB5-99C2-BD301DF64B91} = {2169465C-FF77-4565-93CC-356E3FB1365A}
		{6E8B1E9F-177B-471D-9C61-9DACD40CAB99} = {2169465C-FF77-4565-93CC-356E3FB1365A}
		{DB2F428D-CFCD-4FCA-92CA-6E85732C177F} = {2169465C-FF77-4565-93CC-356E3FB1365A}
		{7D50C33C-83A1-48FA-8AAD-ED6AA1B6142E} = {2169465C-FF77-4565-93CC-356E3FB1365A}
		{A63D258A-C5B6-48A8-B16D-DEDF7D9164E1} = {A9D9DCF9-F15F-4FF3-AC25-2D8AF7EE3F57}
		{640811B0-8BBA-43FB-8985-80C3E71D71A3} = {A9D9DCF9-F15F-4FF3-AC25-2D8AF7EE3F57}
	EndGlobalSection
	GlobalSection(ExtensibilityGlobals) = postSolution
		SolutionGuid = {FB3512B8-E6E8-489A-A5EF-E9D8573C02F2}
	EndGlobalSection
EndGlobal
