
Microsoft Visual Studio Solution File, Format Version 12.00
# Visual Studio Version 16
VisualStudioVersion = 16.0.30907.101
MinimumVisualStudioVersion = 10.0.40219.1
Project("{2150E333-8FDC-42A3-9474-1A3956D46DE8}") = "Solution Items", "Solution Items", "{B2BDDFA9-8731-437E-857A-1C0A21EABE60}"
	ProjectSection(SolutionItems) = preProject
		README.md = README.md
	EndProjectSection
EndProject
Project("{9A19103F-16F7-4668-BE54-9A1E7A4F7556}") = "ParkerViewer", "ParkerViewer\ParkerViewer.csproj", "{7C39914A-A436-4795-97F1-C18C94122A76}"
EndProject
Project("{FAE04EC0-301F-11D3-BF4B-00C04F79EFBC}") = "ParkerViewer.Abstractions", "ParkerViewer.Abstractions\ParkerViewer.Abstractions.csproj", "{851EE3D3-54B6-423F-BA71-3CB7BC6E21AA}"
EndProject
Global
	GlobalSection(SolutionConfigurationPlatforms) = preSolution
		Debug|Any CPU = Debug|Any CPU
		Release|Any CPU = Release|Any CPU
	EndGlobalSection
	GlobalSection(ProjectConfigurationPlatforms) = postSolution
		{7C39914A-A436-4795-97F1-C18C94122A76}.Debug|Any CPU.ActiveCfg = Debug|Any CPU
		{7C39914A-A436-4795-97F1-C18C94122A76}.Debug|Any CPU.Build.0 = Debug|Any CPU
		{7C39914A-A436-4795-97F1-C18C94122A76}.Release|Any CPU.ActiveCfg = Release|Any CPU
		{7C39914A-A436-4795-97F1-C18C94122A76}.Release|Any CPU.Build.0 = Release|Any CPU
		{851EE3D3-54B6-423F-BA71-3CB7BC6E21AA}.Debug|Any CPU.ActiveCfg = Debug|Any CPU
		{851EE3D3-54B6-423F-BA71-3CB7BC6E21AA}.Debug|Any CPU.Build.0 = Debug|Any CPU
		{851EE3D3-54B6-423F-BA71-3CB7BC6E21AA}.Release|Any CPU.ActiveCfg = Release|Any CPU
		{851EE3D3-54B6-423F-BA71-3CB7BC6E21AA}.Release|Any CPU.Build.0 = Release|Any CPU
	EndGlobalSection
	GlobalSection(SolutionProperties) = preSolution
		HideSolutionNode = FALSE
	EndGlobalSection
	GlobalSection(ExtensibilityGlobals) = postSolution
		SolutionGuid = {FB3512B8-E6E8-489A-A5EF-E9D8573C02F2}
	EndGlobalSection
EndGlobal
